<?xml version="1.0" encoding="utf-8"?>
<Project ToolsVersion="4.0" xmlns="http://schemas.microsoft.com/developer/msbuild/2003">
  <ItemGroup>
    <Filter Include="ソース ファイル">
      <UniqueIdentifier>{4FC737F1-C7A5-4376-A066-2A32D752A2FF}</UniqueIdentifier>
      <Extensions>cpp;c;cc;cxx;c++;cppm;ixx;def;odl;idl;hpj;bat;asm;asmx</Extensions>
    </Filter>
    <Filter Include="ヘッダー ファイル">
      <UniqueIdentifier>{93995380-89BD-4b04-88EB-625FBE52EBFB}</UniqueIdentifier>
      <Extensions>h;hh;hpp;hxx;h++;hm;inl;inc;ipp;xsd</Extensions>
    </Filter>
    <Filter Include="リソース ファイル">
      <UniqueIdentifier>{67DA6AB6-F800-4c08-8B7A-83BB121AAD01}</UniqueIdentifier>
      <Extensions>rc;ico;cur;bmp;dlg;rc2;rct;bin;rgs;gif;jpg;jpeg;jpe;resx;tiff;tif;png;wav;mfcribbon-ms</Extensions>
    </Filter>
  </ItemGroup>
  <ItemGroup>
    <ClCompile Include="app\src\main.c">
      <Filter>ソース ファイル</Filter>
    </ClCompile>
    <ClCompile Include="numerics\src\bit_utils.c">
      <Filter>ソース ファイル</Filter>
    </ClCompile>
    <ClCompile Include="control\src\state_space.c">
      <Filter>ソース ファイル</Filter>
    </ClCompile>
    <ClCompile Include="numerics\src\linalg\matrix_ops.c">
      <Filter>ソース ファイル</Filter>
    </ClCompile>
    <ClCompile Include="numerics\src\linalg\matrix_exp.c">
      <Filter>ソース ファイル</Filter>
    </ClCompile>
    <ClCompile Include="core\src\matrix_core.c">
      <Filter>ソース ファイル</Filter>
    </ClCompile>
    <ClCompile Include="core\src\core_error.c">
      <Filter>ソース ファイル</Filter>
    </ClCompile>
    <ClCompile Include="numerics\src\math_utils.c">
      <Filter>ソース ファイル</Filter>
    </ClCompile>
    <ClCompile Include="numerics\src\linalg\matrix_norm.c">
      <Filter>ソース ファイル</Filter>
    </ClCompile>
    <ClCompile Include="numerics\src\pade\pade.c">
      <Filter>ソース ファイル</Filter>
    </ClCompile>
    <ClCompile Include="numerics\src\pade\pade_scaling.c">
      <Filter>ソース ファイル</Filter>
    </ClCompile>
    <ClCompile Include="numerics\src\pade\pade_exp_coeffs.c">
      <Filter>ソース ファイル</Filter>
    </ClCompile>
    <ClCompile Include="numerics\src\linalg\matrix_solve.c">
      <Filter>ソース ファイル</Filter>
    </ClCompile>
    <ClCompile Include="control\src\state_space_c2d.c">
      <Filter>ソース ファイル</Filter>
    </ClCompile>
    <ClCompile Include="control\src\state_space_discrete.c">
      <Filter>ソース ファイル</Filter>
    </ClCompile>
  </ItemGroup>
  <ItemGroup>
    <ClInclude Include="core\include\core_matrix.h">
      <Filter>ヘッダー ファイル</Filter>
    </ClInclude>
    <ClInclude Include="numerics\include\linalg\matrix_exp.h">
      <Filter>ヘッダー ファイル</Filter>
    </ClInclude>
    <ClInclude Include="numerics\include\linalg\matrix_ops.h">
      <Filter>ヘッダー ファイル</Filter>
    </ClInclude>
    <ClInclude Include="control\include\state_space.h">
      <Filter>ヘッダー ファイル</Filter>
    </ClInclude>
    <ClInclude Include="numerics\include\bit_utils.h">
      <Filter>ヘッダー ファイル</Filter>
    </ClInclude>
    <ClInclude Include="core\include\core_error.h">
      <Filter>ヘッダー ファイル</Filter>
    </ClInclude>
    <ClInclude Include="numerics\include\math_utils.h">
      <Filter>ヘッダー ファイル</Filter>
    </ClInclude>
    <ClInclude Include="numerics\include\linalg\matrix_norm.h">
      <Filter>ヘッダー ファイル</Filter>
    </ClInclude>
    <ClInclude Include="numerics\include\pade\pade.h">
      <Filter>ヘッダー ファイル</Filter>
    </ClInclude>
    <ClInclude Include="numerics\include\pade\pade_exp_coeffs.h">
      <Filter>ヘッダー ファイル</Filter>
    </ClInclude>
    <ClInclude Include="numerics\include\pade\pade_scaling.h">
      <Filter>ヘッダー ファイル</Filter>
    </ClInclude>
    <ClInclude Include="numerics\include\linalg\matrix_solve.h">
      <Filter>ヘッダー ファイル</Filter>
    </ClInclude>
    <ClInclude Include="control\include\state_space_c2d.h">
      <Filter>ヘッダー ファイル</Filter>
    </ClInclude>
    <ClInclude Include="control\include\state_space_discrete.h">
      <Filter>ヘッダー ファイル</Filter>
    </ClInclude>
  </ItemGroup>
</Project>